
Microsoft Visual Studio Solution File, Format Version 12.00
# Visual Studio Version 16
VisualStudioVersion = 16.0.30204.135
MinimumVisualStudioVersion = 10.0.40219.1
Project("{FAE04EC0-301F-11D3-BF4B-00C04F79EFBC}") = "CelestialBodyTracker", "CelestialBodyTracker\CelestialBodyTracker.csproj", "{344A5EC1-E083-4473-A672-A89B5912FB5A}"
EndProject
Global
	GlobalSection(SolutionConfigurationPlatforms) = preSolution
		Debug|Any CPU = Debug|Any CPU
		Release|Any CPU = Release|Any CPU
	EndGlobalSection
	GlobalSection(ProjectConfigurationPlatforms) = postSolution
		{344A5EC1-E083-4473-A672-A89B5912FB5A}.Debug|Any CPU.ActiveCfg = Debug|Any CPU
		{344A5EC1-E083-4473-A672-A89B5912FB5A}.Debug|Any CPU.Build.0 = Debug|Any CPU
		{344A5EC1-E083-4473-A672-A89B5912FB5A}.Release|Any CPU.ActiveCfg = Release|Any CPU
		{344A5EC1-E083-4473-A672-A89B5912FB5A}.Release|Any CPU.Build.0 = Release|Any CPU
	EndGlobalSection
	GlobalSection(SolutionProperties) = preSolution
		HideSolutionNode = FALSE
	EndGlobalSection
	GlobalSection(ExtensibilityGlobals) = postSolution
		SolutionGuid = {3B19AAFF-C9C0-44C7-8070-D2AA9ED86799}
	EndGlobalSection
EndGlobal
